# This file is automatically @generated by Cargo.
# It is not intended for manual editing.
version = 3

[[package]]
name = "fire_alarm"
version = "0.1.0"
dependencies = [
 "gauge",
]

[[package]]
name = "gauge"
version = "0.1.0"
dependencies = [
 "json_minimal",
]

[[package]]
name = "house_layout"
version = "0.1.0"
dependencies = [
 "gauge",
 "http",
 "json_minimal",
]

[[package]]
name = "http"
version = "0.1.0"

[[package]]
name = "json_minimal"
version = "0.1.3"

[[package]]
name = "server"
version = "0.1.0"
dependencies = [
 "gauge",
]

[[package]]
name = "temperature_gauge"
version = "0.1.0"
dependencies = [
 "gauge",
]
